
Microsoft Visual Studio Solution File, Format Version 12.00
# Visual Studio Version 17
VisualStudioVersion = 17.14.36414.22
MinimumVisualStudioVersion = 10.0.40219.1
Project("{54A90642-561A-4BB1-A94E-469ADEE60C69}") = "AngTSProject", "AngTSProject\AngTSProject.esproj", "{CAFD02EF-2E59-C202-628E-68FEBEF666C6}"
EndProject
Global
	GlobalSection(SolutionConfigurationPlatforms) = preSolution
		Debug|Any CPU = Debug|Any CPU
		Release|Any CPU = Release|Any CPU
	EndGlobalSection
	GlobalSection(ProjectConfigurationPlatforms) = postSolution
		{CAFD02EF-2E59-C202-628E-68FEBEF666C6}.Debug|Any CPU.ActiveCfg = Debug|Any CPU
		{CAFD02EF-2E59-C202-628E-68FEBEF666C6}.Debug|Any CPU.Build.0 = Debug|Any CPU
		{CAFD02EF-2E59-C202-628E-68FEBEF666C6}.Debug|Any CPU.Deploy.0 = Debug|Any CPU
		{CAFD02EF-2E59-C202-628E-68FEBEF666C6}.Release|Any CPU.ActiveCfg = Release|Any CPU
		{CAFD02EF-2E59-C202-628E-68FEBEF666C6}.Release|Any CPU.Build.0 = Release|Any CPU
		{CAFD02EF-2E59-C202-628E-68FEBEF666C6}.Release|Any CPU.Deploy.0 = Release|Any CPU
	EndGlobalSection
	GlobalSection(SolutionProperties) = preSolution
		HideSolutionNode = FALSE
	EndGlobalSection
	GlobalSection(ExtensibilityGlobals) = postSolution
		SolutionGuid = {8F8E9E12-0F9F-4C0B-AAFC-5E6C8574CFC8}
	EndGlobalSection
EndGlobal
