
Microsoft Visual Studio Solution File, Format Version 12.00
# Visual Studio Version 17
VisualStudioVersion = 17.14.36408.4
MinimumVisualStudioVersion = 10.0.40219.1
Project("{FAE04EC0-301F-11D3-BF4B-00C04F79EFBC}") = "Demo_HelloWorld", "Demo_HelloWorld\Demo_HelloWorld.csproj", "{81F4E17F-DC08-4362-8BF8-F75D4C6DF2D1}"
EndProject
Project("{FAE04EC0-301F-11D3-BF4B-00C04F79EFBC}") = "Demo_TypeMembers", "Demo_TypeMembers\Demo_TypeMembers.csproj", "{FD394392-F86B-48F0-B778-131280BAC95B}"
EndProject
Project("{FAE04EC0-301F-11D3-BF4B-00C04F79EFBC}") = "Demo_ConvertingTypes", "Demo_ConvertingTypes\Demo_ConvertingTypes.csproj", "{B1E00D73-FBF5-4D5F-804C-3162429B5E30}"
EndProject
Project("{2150E333-8FDC-42A3-9474-1A3956D46DE8}") = "Solution Items", "Solution Items", "{8EC462FD-D22E-90A8-E5CE-7E832BA40C5D}"
	ProjectSection(SolutionItems) = preProject
		..\..\Readme.txt = ..\..\Readme.txt
		..\..\Training Workshop on DotNet9 WebAPI and Angular.pdf = ..\..\Training Workshop on DotNet9 WebAPI and Angular.pdf
	EndProjectSection
EndProject
Project("{FAE04EC0-301F-11D3-BF4B-00C04F79EFBC}") = "Demo_ParameterTypes", "Demo_ParameterTypes\Demo_ParameterTypes.csproj", "{607CF711-4CCB-455E-A85C-B3EC135AC771}"
EndProject
Project("{FAE04EC0-301F-11D3-BF4B-00C04F79EFBC}") = "Demo_Array", "Demo_Array\Demo_Array.csproj", "{EBD5C321-EAB5-CD26-1160-5CD923F1AA95}"
EndProject
Project("{FAE04EC0-301F-11D3-BF4B-00C04F79EFBC}") = "Demo_Class", "Demo_Class\Demo_Class.csproj", "{CDE71123-B505-0D32-57EE-728DE13D17A6}"
EndProject
Project("{FAE04EC0-301F-11D3-BF4B-00C04F79EFBC}") = "Demo_Structures", "Demo_Structures\Demo_Structures.csproj", "{AAB9485C-CA39-0AA6-09BD-E7CE4170D66F}"
EndProject
Project("{FAE04EC0-301F-11D3-BF4B-00C04F79EFBC}") = "Demo_TypeInferences", "Demo_TypeInferences\Demo_TypeInferences.csproj", "{40F10349-0772-B028-182C-146AD09F900A}"
EndProject
Project("{FAE04EC0-301F-11D3-BF4B-00C04F79EFBC}") = "Demo_StringFormatting", "Demo_StringFormatting\Demo_StringFormatting.csproj", "{E1B83ACB-49EB-98D9-6C96-BD0665D3420E}"
EndProject
Project("{FAE04EC0-301F-11D3-BF4B-00C04F79EFBC}") = "Demo_Partial", "Demo_Partial\Demo_Partial.csproj", "{D3772690-9545-2F05-EE8D-27A77F67A9CB}"
EndProject
Project("{FAE04EC0-301F-11D3-BF4B-00C04F79EFBC}") = "Demo_Indexer", "Demo_Indexer\Demo_Indexer.csproj", "{5078F842-31F6-B878-CAD4-A159E7AE5D4C}"
EndProject
Project("{FAE04EC0-301F-11D3-BF4B-00C04F79EFBC}") = "Demo_Enum", "Demo_Enum\Demo_Enum.csproj", "{76997A31-4FA1-4699-9232-6F932984D4DC}"
EndProject
Project("{FAE04EC0-301F-11D3-BF4B-00C04F79EFBC}") = "Demo_Interfaces", "Demo_Interfaces\Demo_Interfaces.csproj", "{ED327E3B-FDBC-FD93-BCF6-72FF48F336EC}"
EndProject
Project("{FAE04EC0-301F-11D3-BF4B-00C04F79EFBC}") = "Demo_IEnumerator", "Demo_IEnumerator\Demo_IEnumerator.csproj", "{96FBB336-DE6F-0ECF-0A41-FDA67698E720}"
EndProject
Project("{FAE04EC0-301F-11D3-BF4B-00C04F79EFBC}") = "Demo_IEnumerable", "Demo_IEnumerable\Demo_IEnumerable.csproj", "{CCCCC546-A921-F057-00EC-C4285972E4BB}"
EndProject
Project("{FAE04EC0-301F-11D3-BF4B-00C04F79EFBC}") = "Demo_Delegate", "Demo_Delegate\Demo_Delegate.csproj", "{69F43912-B8D8-48CB-B47A-8549C2D35642}"
EndProject
Project("{FAE04EC0-301F-11D3-BF4B-00C04F79EFBC}") = "Demo_AnonymousMethod", "Demo_AnonymousMethod\Demo_AnonymousMethod.csproj", "{0800FC0B-64D7-4204-B7D4-C1938A08323A}"
EndProject
Project("{FAE04EC0-301F-11D3-BF4B-00C04F79EFBC}") = "Demo_DelegateMultiCast", "Demo_DelegateMultiCast\Demo_DelegateMultiCast.csproj", "{41E11895-4001-4215-8CFA-60CCBB4137D4}"
EndProject
Project("{FAE04EC0-301F-11D3-BF4B-00C04F79EFBC}") = "Demo_Event", "Demo_Event\Demo_Event.csproj", "{666C2153-36CE-484A-8689-59823DB69326}"
EndProject
Project("{FAE04EC0-301F-11D3-BF4B-00C04F79EFBC}") = "Demo_Generics", "Demo_Generics\Demo_Generics.csproj", "{ADA500B3-49EC-227E-5FB3-485B1C96D1F3}"
EndProject
Project("{FAE04EC0-301F-11D3-BF4B-00C04F79EFBC}") = "Demo_Action", "Demo_Action\Demo_Action.csproj", "{48431216-65F5-A834-C446-57732075105D}"
EndProject
Project("{FAE04EC0-301F-11D3-BF4B-00C04F79EFBC}") = "Demo_Func", "Demo_Func\Demo_Func.csproj", "{22CB954E-977E-FA40-663E-8EE53C0E5FD6}"
EndProject
Project("{FAE04EC0-301F-11D3-BF4B-00C04F79EFBC}") = "Demo_Task", "Demo_Task\Demo_Task.csproj", "{C22DEF7B-168E-EE76-4DA8-E2CB840951C8}"
EndProject
Project("{FAE04EC0-301F-11D3-BF4B-00C04F79EFBC}") = "Demo_Threads", "Demo_Threads\Demo_Threads.csproj", "{3D82BB95-4A3C-C0BA-511E-B25C08AF1AA9}"
EndProject
Project("{FAE04EC0-301F-11D3-BF4B-00C04F79EFBC}") = "Demo_Parallels", "Demo_Parallels\Demo_Parallels.csproj", "{E6CD198B-1829-225A-E78C-BA20E9A1D46E}"
EndProject
Project("{FAE04EC0-301F-11D3-BF4B-00C04F79EFBC}") = "Demo_Task_AsyncAwait", "Demo_Task_AsyncAwait\Demo_Task_AsyncAwait.csproj", "{F02E3F59-F47C-0260-EC6E-1C6A54582BBB}"
EndProject
Project("{FAE04EC0-301F-11D3-BF4B-00C04F79EFBC}") = "Demo_ExtensionMethods", "Demo_ExtensionMethods\Demo_ExtensionMethods.csproj", "{ABEB34DD-232F-48E9-A57C-3A486FFFF8A1}"
EndProject
Project("{FAE04EC0-301F-11D3-BF4B-00C04F79EFBC}") = "Demo_AnonymousType", "Demo_AnonymousType\Demo_AnonymousType.csproj", "{0E9CF8D5-35A0-4CFA-A738-4AAFD9D77553}"
EndProject
Project("{FAE04EC0-301F-11D3-BF4B-00C04F79EFBC}") = "Demo_Exceptions", "Demo_Exceptions\Demo_Exceptions.csproj", "{E6C73B26-5D78-46E6-8B1A-04BEF7E136DD}"
EndProject
Project("{FAE04EC0-301F-11D3-BF4B-00C04F79EFBC}") = "Demo_Exceptions_Library", "Demo_Exceptions_Library\Demo_Exceptions_Library.csproj", "{87A6B595-18CC-4400-B08A-C3702AB3AE3A}"
EndProject
Project("{FAE04EC0-301F-11D3-BF4B-00C04F79EFBC}") = "Demo_Destructor_FW", "Demo_Destructor_FW\Demo_Destructor_FW.csproj", "{5262ABCA-1147-4072-8228-B5D4DD23D88D}"
EndProject
Project("{FAE04EC0-301F-11D3-BF4B-00C04F79EFBC}") = "Demo_DynamicType", "Demo_DynamicType\Demo_DynamicType.csproj", "{B26E0BF1-6D48-4EBB-BA84-5322E2734130}"
EndProject
Project("{FAE04EC0-301F-11D3-BF4B-00C04F79EFBC}") = "Demo_NewTypes", "Demo_NewTypes\Demo_NewTypes.csproj", "{6564B408-5515-49C5-9C43-64CDD325A8B5}"
EndProject
Global
	GlobalSection(SolutionConfigurationPlatforms) = preSolution
		Debug|Any CPU = Debug|Any CPU
		Release|Any CPU = Release|Any CPU
	EndGlobalSection
	GlobalSection(ProjectConfigurationPlatforms) = postSolution
		{81F4E17F-DC08-4362-8BF8-F75D4C6DF2D1}.Debug|Any CPU.ActiveCfg = Debug|Any CPU
		{81F4E17F-DC08-4362-8BF8-F75D4C6DF2D1}.Debug|Any CPU.Build.0 = Debug|Any CPU
		{81F4E17F-DC08-4362-8BF8-F75D4C6DF2D1}.Release|Any CPU.ActiveCfg = Release|Any CPU
		{81F4E17F-DC08-4362-8BF8-F75D4C6DF2D1}.Release|Any CPU.Build.0 = Release|Any CPU
		{FD394392-F86B-48F0-B778-131280BAC95B}.Debug|Any CPU.ActiveCfg = Debug|Any CPU
		{FD394392-F86B-48F0-B778-131280BAC95B}.Debug|Any CPU.Build.0 = Debug|Any CPU
		{FD394392-F86B-48F0-B778-131280BAC95B}.Release|Any CPU.ActiveCfg = Release|Any CPU
		{FD394392-F86B-48F0-B778-131280BAC95B}.Release|Any CPU.Build.0 = Release|Any CPU
		{B1E00D73-FBF5-4D5F-804C-3162429B5E30}.Debug|Any CPU.ActiveCfg = Debug|Any CPU
		{B1E00D73-FBF5-4D5F-804C-3162429B5E30}.Debug|Any CPU.Build.0 = Debug|Any CPU
		{B1E00D73-FBF5-4D5F-804C-3162429B5E30}.Release|Any CPU.ActiveCfg = Release|Any CPU
		{B1E00D73-FBF5-4D5F-804C-3162429B5E30}.Release|Any CPU.Build.0 = Release|Any CPU
		{607CF711-4CCB-455E-A85C-B3EC135AC771}.Debug|Any CPU.ActiveCfg = Debug|Any CPU
		{607CF711-4CCB-455E-A85C-B3EC135AC771}.Debug|Any CPU.Build.0 = Debug|Any CPU
		{607CF711-4CCB-455E-A85C-B3EC135AC771}.Release|Any CPU.ActiveCfg = Release|Any CPU
		{607CF711-4CCB-455E-A85C-B3EC135AC771}.Release|Any CPU.Build.0 = Release|Any CPU
		{EBD5C321-EAB5-CD26-1160-5CD923F1AA95}.Debug|Any CPU.ActiveCfg = Debug|Any CPU
		{EBD5C321-EAB5-CD26-1160-5CD923F1AA95}.Debug|Any CPU.Build.0 = Debug|Any CPU
		{EBD5C321-EAB5-CD26-1160-5CD923F1AA95}.Release|Any CPU.ActiveCfg = Release|Any CPU
		{EBD5C321-EAB5-CD26-1160-5CD923F1AA95}.Release|Any CPU.Build.0 = Release|Any CPU
		{CDE71123-B505-0D32-57EE-728DE13D17A6}.Debug|Any CPU.ActiveCfg = Debug|Any CPU
		{CDE71123-B505-0D32-57EE-728DE13D17A6}.Debug|Any CPU.Build.0 = Debug|Any CPU
		{CDE71123-B505-0D32-57EE-728DE13D17A6}.Release|Any CPU.ActiveCfg = Release|Any CPU
		{CDE71123-B505-0D32-57EE-728DE13D17A6}.Release|Any CPU.Build.0 = Release|Any CPU
		{AAB9485C-CA39-0AA6-09BD-E7CE4170D66F}.Debug|Any CPU.ActiveCfg = Debug|Any CPU
		{AAB9485C-CA39-0AA6-09BD-E7CE4170D66F}.Debug|Any CPU.Build.0 = Debug|Any CPU
		{AAB9485C-CA39-0AA6-09BD-E7CE4170D66F}.Release|Any CPU.ActiveCfg = Release|Any CPU
		{AAB9485C-CA39-0AA6-09BD-E7CE4170D66F}.Release|Any CPU.Build.0 = Release|Any CPU
		{40F10349-0772-B028-182C-146AD09F900A}.Debug|Any CPU.ActiveCfg = Debug|Any CPU
		{40F10349-0772-B028-182C-146AD09F900A}.Debug|Any CPU.Build.0 = Debug|Any CPU
		{40F10349-0772-B028-182C-146AD09F900A}.Release|Any CPU.ActiveCfg = Release|Any CPU
		{40F10349-0772-B028-182C-146AD09F900A}.Release|Any CPU.Build.0 = Release|Any CPU
		{E1B83ACB-49EB-98D9-6C96-BD0665D3420E}.Debug|Any CPU.ActiveCfg = Debug|Any CPU
		{E1B83ACB-49EB-98D9-6C96-BD0665D3420E}.Debug|Any CPU.Build.0 = Debug|Any CPU
		{E1B83ACB-49EB-98D9-6C96-BD0665D3420E}.Release|Any CPU.ActiveCfg = Release|Any CPU
		{E1B83ACB-49EB-98D9-6C96-BD0665D3420E}.Release|Any CPU.Build.0 = Release|Any CPU
		{D3772690-9545-2F05-EE8D-27A77F67A9CB}.Debug|Any CPU.ActiveCfg = Debug|Any CPU
		{D3772690-9545-2F05-EE8D-27A77F67A9CB}.Debug|Any CPU.Build.0 = Debug|Any CPU
		{D3772690-9545-2F05-EE8D-27A77F67A9CB}.Release|Any CPU.ActiveCfg = Release|Any CPU
		{D3772690-9545-2F05-EE8D-27A77F67A9CB}.Release|Any CPU.Build.0 = Release|Any CPU
		{5078F842-31F6-B878-CAD4-A159E7AE5D4C}.Debug|Any CPU.ActiveCfg = Debug|Any CPU
		{5078F842-31F6-B878-CAD4-A159E7AE5D4C}.Debug|Any CPU.Build.0 = Debug|Any CPU
		{5078F842-31F6-B878-CAD4-A159E7AE5D4C}.Release|Any CPU.ActiveCfg = Release|Any CPU
		{5078F842-31F6-B878-CAD4-A159E7AE5D4C}.Release|Any CPU.Build.0 = Release|Any CPU
		{76997A31-4FA1-4699-9232-6F932984D4DC}.Debug|Any CPU.ActiveCfg = Debug|Any CPU
		{76997A31-4FA1-4699-9232-6F932984D4DC}.Debug|Any CPU.Build.0 = Debug|Any CPU
		{76997A31-4FA1-4699-9232-6F932984D4DC}.Release|Any CPU.ActiveCfg = Release|Any CPU
		{76997A31-4FA1-4699-9232-6F932984D4DC}.Release|Any CPU.Build.0 = Release|Any CPU
		{ED327E3B-FDBC-FD93-BCF6-72FF48F336EC}.Debug|Any CPU.ActiveCfg = Debug|Any CPU
		{ED327E3B-FDBC-FD93-BCF6-72FF48F336EC}.Debug|Any CPU.Build.0 = Debug|Any CPU
		{ED327E3B-FDBC-FD93-BCF6-72FF48F336EC}.Release|Any CPU.ActiveCfg = Release|Any CPU
		{ED327E3B-FDBC-FD93-BCF6-72FF48F336EC}.Release|Any CPU.Build.0 = Release|Any CPU
		{96FBB336-DE6F-0ECF-0A41-FDA67698E720}.Debug|Any CPU.ActiveCfg = Debug|Any CPU
		{96FBB336-DE6F-0ECF-0A41-FDA67698E720}.Debug|Any CPU.Build.0 = Debug|Any CPU
		{96FBB336-DE6F-0ECF-0A41-FDA67698E720}.Release|Any CPU.ActiveCfg = Release|Any CPU
		{96FBB336-DE6F-0ECF-0A41-FDA67698E720}.Release|Any CPU.Build.0 = Release|Any CPU
		{CCCCC546-A921-F057-00EC-C4285972E4BB}.Debug|Any CPU.ActiveCfg = Debug|Any CPU
		{CCCCC546-A921-F057-00EC-C4285972E4BB}.Debug|Any CPU.Build.0 = Debug|Any CPU
		{CCCCC546-A921-F057-00EC-C4285972E4BB}.Release|Any CPU.ActiveCfg = Release|Any CPU
		{CCCCC546-A921-F057-00EC-C4285972E4BB}.Release|Any CPU.Build.0 = Release|Any CPU
		{69F43912-B8D8-48CB-B47A-8549C2D35642}.Debug|Any CPU.ActiveCfg = Debug|Any CPU
		{69F43912-B8D8-48CB-B47A-8549C2D35642}.Debug|Any CPU.Build.0 = Debug|Any CPU
		{69F43912-B8D8-48CB-B47A-8549C2D35642}.Release|Any CPU.ActiveCfg = Release|Any CPU
		{69F43912-B8D8-48CB-B47A-8549C2D35642}.Release|Any CPU.Build.0 = Release|Any CPU
		{0800FC0B-64D7-4204-B7D4-C1938A08323A}.Debug|Any CPU.ActiveCfg = Debug|Any CPU
		{0800FC0B-64D7-4204-B7D4-C1938A08323A}.Debug|Any CPU.Build.0 = Debug|Any CPU
		{0800FC0B-64D7-4204-B7D4-C1938A08323A}.Release|Any CPU.ActiveCfg = Release|Any CPU
		{0800FC0B-64D7-4204-B7D4-C1938A08323A}.Release|Any CPU.Build.0 = Release|Any CPU
		{41E11895-4001-4215-8CFA-60CCBB4137D4}.Debug|Any CPU.ActiveCfg = Debug|Any CPU
		{41E11895-4001-4215-8CFA-60CCBB4137D4}.Debug|Any CPU.Build.0 = Debug|Any CPU
		{41E11895-4001-4215-8CFA-60CCBB4137D4}.Release|Any CPU.ActiveCfg = Release|Any CPU
		{41E11895-4001-4215-8CFA-60CCBB4137D4}.Release|Any CPU.Build.0 = Release|Any CPU
		{666C2153-36CE-484A-8689-59823DB69326}.Debug|Any CPU.ActiveCfg = Debug|Any CPU
		{666C2153-36CE-484A-8689-59823DB69326}.Debug|Any CPU.Build.0 = Debug|Any CPU
		{666C2153-36CE-484A-8689-59823DB69326}.Release|Any CPU.ActiveCfg = Release|Any CPU
		{666C2153-36CE-484A-8689-59823DB69326}.Release|Any CPU.Build.0 = Release|Any CPU
		{ADA500B3-49EC-227E-5FB3-485B1C96D1F3}.Debug|Any CPU.ActiveCfg = Debug|Any CPU
		{ADA500B3-49EC-227E-5FB3-485B1C96D1F3}.Debug|Any CPU.Build.0 = Debug|Any CPU
		{ADA500B3-49EC-227E-5FB3-485B1C96D1F3}.Release|Any CPU.ActiveCfg = Release|Any CPU
		{ADA500B3-49EC-227E-5FB3-485B1C96D1F3}.Release|Any CPU.Build.0 = Release|Any CPU
		{48431216-65F5-A834-C446-57732075105D}.Debug|Any CPU.ActiveCfg = Debug|Any CPU
		{48431216-65F5-A834-C446-57732075105D}.Debug|Any CPU.Build.0 = Debug|Any CPU
		{48431216-65F5-A834-C446-57732075105D}.Release|Any CPU.ActiveCfg = Release|Any CPU
		{48431216-65F5-A834-C446-57732075105D}.Release|Any CPU.Build.0 = Release|Any CPU
		{22CB954E-977E-FA40-663E-8EE53C0E5FD6}.Debug|Any CPU.ActiveCfg = Debug|Any CPU
		{22CB954E-977E-FA40-663E-8EE53C0E5FD6}.Debug|Any CPU.Build.0 = Debug|Any CPU
		{22CB954E-977E-FA40-663E-8EE53C0E5FD6}.Release|Any CPU.ActiveCfg = Release|Any CPU
		{22CB954E-977E-FA40-663E-8EE53C0E5FD6}.Release|Any CPU.Build.0 = Release|Any CPU
		{C22DEF7B-168E-EE76-4DA8-E2CB840951C8}.Debug|Any CPU.ActiveCfg = Debug|Any CPU
		{C22DEF7B-168E-EE76-4DA8-E2CB840951C8}.Debug|Any CPU.Build.0 = Debug|Any CPU
		{C22DEF7B-168E-EE76-4DA8-E2CB840951C8}.Release|Any CPU.ActiveCfg = Release|Any CPU
		{C22DEF7B-168E-EE76-4DA8-E2CB840951C8}.Release|Any CPU.Build.0 = Release|Any CPU
		{3D82BB95-4A3C-C0BA-511E-B25C08AF1AA9}.Debug|Any CPU.ActiveCfg = Debug|Any CPU
		{3D82BB95-4A3C-C0BA-511E-B25C08AF1AA9}.Debug|Any CPU.Build.0 = Debug|Any CPU
		{3D82BB95-4A3C-C0BA-511E-B25C08AF1AA9}.Release|Any CPU.ActiveCfg = Release|Any CPU
		{3D82BB95-4A3C-C0BA-511E-B25C08AF1AA9}.Release|Any CPU.Build.0 = Release|Any CPU
		{E6CD198B-1829-225A-E78C-BA20E9A1D46E}.Debug|Any CPU.ActiveCfg = Debug|Any CPU
		{E6CD198B-1829-225A-E78C-BA20E9A1D46E}.Debug|Any CPU.Build.0 = Debug|Any CPU
		{E6CD198B-1829-225A-E78C-BA20E9A1D46E}.Release|Any CPU.ActiveCfg = Release|Any CPU
		{E6CD198B-1829-225A-E78C-BA20E9A1D46E}.Release|Any CPU.Build.0 = Release|Any CPU
		{F02E3F59-F47C-0260-EC6E-1C6A54582BBB}.Debug|Any CPU.ActiveCfg = Debug|Any CPU
		{F02E3F59-F47C-0260-EC6E-1C6A54582BBB}.Debug|Any CPU.Build.0 = Debug|Any CPU
		{F02E3F59-F47C-0260-EC6E-1C6A54582BBB}.Release|Any CPU.ActiveCfg = Release|Any CPU
		{F02E3F59-F47C-0260-EC6E-1C6A54582BBB}.Release|Any CPU.Build.0 = Release|Any CPU
		{ABEB34DD-232F-48E9-A57C-3A486FFFF8A1}.Debug|Any CPU.ActiveCfg = Debug|Any CPU
		{ABEB34DD-232F-48E9-A57C-3A486FFFF8A1}.Debug|Any CPU.Build.0 = Debug|Any CPU
		{ABEB34DD-232F-48E9-A57C-3A486FFFF8A1}.Release|Any CPU.ActiveCfg = Release|Any CPU
		{ABEB34DD-232F-48E9-A57C-3A486FFFF8A1}.Release|Any CPU.Build.0 = Release|Any CPU
		{0E9CF8D5-35A0-4CFA-A738-4AAFD9D77553}.Debug|Any CPU.ActiveCfg = Debug|Any CPU
		{0E9CF8D5-35A0-4CFA-A738-4AAFD9D77553}.Debug|Any CPU.Build.0 = Debug|Any CPU
		{0E9CF8D5-35A0-4CFA-A738-4AAFD9D77553}.Release|Any CPU.ActiveCfg = Release|Any CPU
		{0E9CF8D5-35A0-4CFA-A738-4AAFD9D77553}.Release|Any CPU.Build.0 = Release|Any CPU
		{E6C73B26-5D78-46E6-8B1A-04BEF7E136DD}.Debug|Any CPU.ActiveCfg = Debug|Any CPU
		{E6C73B26-5D78-46E6-8B1A-04BEF7E136DD}.Debug|Any CPU.Build.0 = Debug|Any CPU
		{E6C73B26-5D78-46E6-8B1A-04BEF7E136DD}.Release|Any CPU.ActiveCfg = Release|Any CPU
		{E6C73B26-5D78-46E6-8B1A-04BEF7E136DD}.Release|Any CPU.Build.0 = Release|Any CPU
		{87A6B595-18CC-4400-B08A-C3702AB3AE3A}.Debug|Any CPU.ActiveCfg = Debug|Any CPU
		{87A6B595-18CC-4400-B08A-C3702AB3AE3A}.Debug|Any CPU.Build.0 = Debug|Any CPU
		{87A6B595-18CC-4400-B08A-C3702AB3AE3A}.Release|Any CPU.ActiveCfg = Release|Any CPU
		{87A6B595-18CC-4400-B08A-C3702AB3AE3A}.Release|Any CPU.Build.0 = Release|Any CPU
		{5262ABCA-1147-4072-8228-B5D4DD23D88D}.Debug|Any CPU.ActiveCfg = Debug|Any CPU
		{5262ABCA-1147-4072-8228-B5D4DD23D88D}.Debug|Any CPU.Build.0 = Debug|Any CPU
		{5262ABCA-1147-4072-8228-B5D4DD23D88D}.Release|Any CPU.ActiveCfg = Release|Any CPU
		{5262ABCA-1147-4072-8228-B5D4DD23D88D}.Release|Any CPU.Build.0 = Release|Any CPU
		{B26E0BF1-6D48-4EBB-BA84-5322E2734130}.Debug|Any CPU.ActiveCfg = Debug|Any CPU
		{B26E0BF1-6D48-4EBB-BA84-5322E2734130}.Debug|Any CPU.Build.0 = Debug|Any CPU
		{B26E0BF1-6D48-4EBB-BA84-5322E2734130}.Release|Any CPU.ActiveCfg = Release|Any CPU
		{B26E0BF1-6D48-4EBB-BA84-5322E2734130}.Release|Any CPU.Build.0 = Release|Any CPU
		{6564B408-5515-49C5-9C43-64CDD325A8B5}.Debug|Any CPU.ActiveCfg = Debug|Any CPU
		{6564B408-5515-49C5-9C43-64CDD325A8B5}.Debug|Any CPU.Build.0 = Debug|Any CPU
		{6564B408-5515-49C5-9C43-64CDD325A8B5}.Release|Any CPU.ActiveCfg = Release|Any CPU
		{6564B408-5515-49C5-9C43-64CDD325A8B5}.Release|Any CPU.Build.0 = Release|Any CPU
	EndGlobalSection
	GlobalSection(SolutionProperties) = preSolution
		HideSolutionNode = FALSE
	EndGlobalSection
	GlobalSection(ExtensibilityGlobals) = postSolution
		SolutionGuid = {F0171E19-295F-4655-A4CA-6253073BF8B9}
	EndGlobalSection
EndGlobal
